<?xml version="1.0" encoding="utf-8"?>
<Project ToolsVersion="4.0" xmlns="http://schemas.microsoft.com/developer/msbuild/2003">
	<ItemGroup>
		<Filter Include="data">
			<UniqueIdentifier>{0076C0B2-AF9F-C34F-97E2-D4C361A34C7C}</UniqueIdentifier>
		</Filter>
	</ItemGroup>
	<ItemGroup>
		<ClCompile Include="CameraRelative.cpp" />
	</ItemGroup>
	<ItemGroup>
		<None Include="data\ColorMultUniform.frag">
			<Filter>data</Filter>
		</None>
		<None Include="data\PosColorLocalTransform.vert">
			<Filter>data</Filter>
		</None>
	</ItemGroup>
</Project>
