
Microsoft Visual Studio Solution File, Format Version 11.00
# Visual Studio 2010
Project("{8BC9CEB8-8B4A-11D0-8D11-00A0C91BC942}") = "glload", "glload\glload.vcxproj", "{8F99BF9A-BF12-AD41-96DB-77CD978130CB}"
EndProject
Project("{8BC9CEB8-8B4A-11D0-8D11-00A0C91BC942}") = "glimg", "glimg\glimg.vcxproj", "{6A713D6C-090D-654A-BDA7-DB81545343C7}"
EndProject
Project("{8BC9CEB8-8B4A-11D0-8D11-00A0C91BC942}") = "freeglut", "freeglut\freeglut.vcxproj", "{819BD7AA-1036-AB4D-A7D7-3321DD41CAE6}"
EndProject
Project("{8BC9CEB8-8B4A-11D0-8D11-00A0C91BC942}") = "glutil", "glutil\glutil.vcxproj", "{17FCBAE4-B135-CF49-958D-76865F53F34B}"
EndProject
Project("{8BC9CEB8-8B4A-11D0-8D11-00A0C91BC942}") = "glmesh", "glmesh\glmesh.vcxproj", "{3E000FA7-DA07-6E4F-8125-9D55C5A5B341}"
EndProject
Global
	GlobalSection(SolutionConfigurationPlatforms) = preSolution
		Debug|Win32 = Debug|Win32
		Release|Win32 = Release|Win32
	EndGlobalSection
	GlobalSection(ProjectConfigurationPlatforms) = postSolution
		{8F99BF9A-BF12-AD41-96DB-77CD978130CB}.Debug|Win32.ActiveCfg = Debug|Win32
		{8F99BF9A-BF12-AD41-96DB-77CD978130CB}.Debug|Win32.Build.0 = Debug|Win32
		{8F99BF9A-BF12-AD41-96DB-77CD978130CB}.Release|Win32.ActiveCfg = Release|Win32
		{8F99BF9A-BF12-AD41-96DB-77CD978130CB}.Release|Win32.Build.0 = Release|Win32
		{6A713D6C-090D-654A-BDA7-DB81545343C7}.Debug|Win32.ActiveCfg = Debug|Win32
		{6A713D6C-090D-654A-BDA7-DB81545343C7}.Debug|Win32.Build.0 = Debug|Win32
		{6A713D6C-090D-654A-BDA7-DB81545343C7}.Release|Win32.ActiveCfg = Release|Win32
		{6A713D6C-090D-654A-BDA7-DB81545343C7}.Release|Win32.Build.0 = Release|Win32
		{819BD7AA-1036-AB4D-A7D7-3321DD41CAE6}.Debug|Win32.ActiveCfg = Debug|Win32
		{819BD7AA-1036-AB4D-A7D7-3321DD41CAE6}.Debug|Win32.Build.0 = Debug|Win32
		{819BD7AA-1036-AB4D-A7D7-3321DD41CAE6}.Release|Win32.ActiveCfg = Release|Win32
		{819BD7AA-1036-AB4D-A7D7-3321DD41CAE6}.Release|Win32.Build.0 = Release|Win32
		{17FCBAE4-B135-CF49-958D-76865F53F34B}.Debug|Win32.ActiveCfg = Debug|Win32
		{17FCBAE4-B135-CF49-958D-76865F53F34B}.Debug|Win32.Build.0 = Debug|Win32
		{17FCBAE4-B135-CF49-958D-76865F53F34B}.Release|Win32.ActiveCfg = Release|Win32
		{17FCBAE4-B135-CF49-958D-76865F53F34B}.Release|Win32.Build.0 = Release|Win32
		{3E000FA7-DA07-6E4F-8125-9D55C5A5B341}.Debug|Win32.ActiveCfg = Debug|Win32
		{3E000FA7-DA07-6E4F-8125-9D55C5A5B341}.Debug|Win32.Build.0 = Debug|Win32
		{3E000FA7-DA07-6E4F-8125-9D55C5A5B341}.Release|Win32.ActiveCfg = Release|Win32
		{3E000FA7-DA07-6E4F-8125-9D55C5A5B341}.Release|Win32.Build.0 = Release|Win32
	EndGlobalSection
	GlobalSection(SolutionProperties) = preSolution
		HideSolutionNode = FALSE
	EndGlobalSection
EndGlobal
