<?xml version="1.0" encoding="utf-8"?>
<Project ToolsVersion="4.0" xmlns="http://schemas.microsoft.com/developer/msbuild/2003">
	<ItemGroup>
		<Filter Include="data">
			<UniqueIdentifier>{D04F7216-543F-004A-A5EC-26DF09740C2A}</UniqueIdentifier>
		</Filter>
	</ItemGroup>
	<ItemGroup>
		<ClCompile Include="Double Projection.cpp" />
	</ItemGroup>
	<ItemGroup>
		<None Include="data\litTexture.vert">
			<Filter>data</Filter>
		</None>
		<None Include="data\litTexture.frag">
			<Filter>data</Filter>
		</None>
	</ItemGroup>
</Project>
