<?xml version="1.0" encoding="utf-8"?>
<Project ToolsVersion="4.0" xmlns="http://schemas.microsoft.com/developer/msbuild/2003">
	<ItemGroup>
		<Filter Include="data">
			<UniqueIdentifier>{76A36B7E-35FC-9A46-BEEA-06D9D96C2650}</UniqueIdentifier>
		</Filter>
	</ItemGroup>
	<ItemGroup>
		<ClCompile Include="Gaussian Specular Lighting.cpp" />
	</ItemGroup>
	<ItemGroup>
		<None Include="data\PCN.vert">
			<Filter>data</Filter>
		</None>
		<None Include="data\PN.vert">
			<Filter>data</Filter>
		</None>
		<None Include="data\PosTransform.vert">
			<Filter>data</Filter>
		</None>
		<None Include="data\UniformColor.frag">
			<Filter>data</Filter>
		</None>
		<None Include="data\PhongLighting.frag">
			<Filter>data</Filter>
		</None>
		<None Include="data\GaussianLighting.frag">
			<Filter>data</Filter>
		</None>
		<None Include="data\BlinnLighting.frag">
			<Filter>data</Filter>
		</None>
		<None Include="data\PhongOnly.frag">
			<Filter>data</Filter>
		</None>
		<None Include="data\GaussianOnly.frag">
			<Filter>data</Filter>
		</None>
		<None Include="data\BlinnOnly.frag">
			<Filter>data</Filter>
		</None>
	</ItemGroup>
</Project>
