<?xml version="1.0" encoding="utf-8"?>
<Project ToolsVersion="4.0" xmlns="http://schemas.microsoft.com/developer/msbuild/2003">
	<ItemGroup>
		<Filter Include="data">
			<UniqueIdentifier>{C1A7E1E7-9170-CC4E-B35B-3353827C1A2C}</UniqueIdentifier>
		</Filter>
	</ItemGroup>
	<ItemGroup>
		<ClCompile Include="World Scene.cpp" />
	</ItemGroup>
	<ItemGroup>
		<None Include="data\PosOnlyWorldTransform.vert">
			<Filter>data</Filter>
		</None>
		<None Include="data\PosColorWorldTransform.vert">
			<Filter>data</Filter>
		</None>
		<None Include="data\ColorPassthrough.frag">
			<Filter>data</Filter>
		</None>
		<None Include="data\ColorMultUniform.frag">
			<Filter>data</Filter>
		</None>
		<None Include="data\ColorUniform.frag">
			<Filter>data</Filter>
		</None>
	</ItemGroup>
</Project>
