<?xml version="1.0" encoding="utf-8"?>
<Project ToolsVersion="4.0" xmlns="http://schemas.microsoft.com/developer/msbuild/2003">
	<ItemGroup>
		<Filter Include="include">
			<UniqueIdentifier>{7E8F3CCF-FC68-ED4F-86F6-558A741B3AEB}</UniqueIdentifier>
		</Filter>
		<Filter Include="include\glutil">
			<UniqueIdentifier>{F1F19859-0519-1E40-B423-5C713D6A6DEA}</UniqueIdentifier>
		</Filter>
		<Filter Include="source">
			<UniqueIdentifier>{270CE581-A4BD-754A-B3A1-3E2BC89DF15C}</UniqueIdentifier>
		</Filter>
	</ItemGroup>
	<ItemGroup>
		<ClInclude Include="include\glutil\Debug.h">
			<Filter>include\glutil</Filter>
		</ClInclude>
		<ClInclude Include="include\glutil\glutil.h">
			<Filter>include\glutil</Filter>
		</ClInclude>
		<ClInclude Include="include\glutil\MatrixStack.h">
			<Filter>include\glutil</Filter>
		</ClInclude>
		<ClInclude Include="include\glutil\MousePoles.h">
			<Filter>include\glutil</Filter>
		</ClInclude>
		<ClInclude Include="include\glutil\Shader.h">
			<Filter>include\glutil</Filter>
		</ClInclude>
		<ClInclude Include="include\glutil\WindowPos.h">
			<Filter>include\glutil</Filter>
		</ClInclude>
	</ItemGroup>
	<ItemGroup>
		<ClCompile Include="source\Debug.cpp">
			<Filter>source</Filter>
		</ClCompile>
		<ClCompile Include="source\MatrixStack.cpp">
			<Filter>source</Filter>
		</ClCompile>
		<ClCompile Include="source\MousePoles.cpp">
			<Filter>source</Filter>
		</ClCompile>
		<ClCompile Include="source\Shader.cpp">
			<Filter>source</Filter>
		</ClCompile>
		<ClCompile Include="source\WindowPos.cpp">
			<Filter>source</Filter>
		</ClCompile>
	</ItemGroup>
</Project>
