<?xml version="1.0" encoding="utf-8"?>
<Project ToolsVersion="4.0" xmlns="http://schemas.microsoft.com/developer/msbuild/2003">
	<ItemGroup>
		<Filter Include="data">
			<UniqueIdentifier>{C00DC808-A467-B34F-A02E-8677E1168427}</UniqueIdentifier>
		</Filter>
	</ItemGroup>
	<ItemGroup>
		<ClCompile Include="Scale.cpp" />
	</ItemGroup>
	<ItemGroup>
		<None Include="data\ColorPassthrough.frag">
			<Filter>data</Filter>
		</None>
		<None Include="data\PosColorLocalTransform.vert">
			<Filter>data</Filter>
		</None>
	</ItemGroup>
</Project>
