<?xml version="1.0" encoding="utf-8"?>
<Project ToolsVersion="4.0" xmlns="http://schemas.microsoft.com/developer/msbuild/2003">
	<ItemGroup>
		<Filter Include="data">
			<UniqueIdentifier>{FBF45947-9D01-8D41-BA08-28A9B1127138}</UniqueIdentifier>
		</Filter>
	</ItemGroup>
	<ItemGroup>
		<ClCompile Include="Translation.cpp" />
	</ItemGroup>
	<ItemGroup>
		<None Include="data\ColorPassthrough.frag">
			<Filter>data</Filter>
		</None>
		<None Include="data\PosColorLocalTransform.vert">
			<Filter>data</Filter>
		</None>
	</ItemGroup>
</Project>
