<?xml version="1.0" encoding="utf-8"?>
<Project ToolsVersion="4.0" xmlns="http://schemas.microsoft.com/developer/msbuild/2003">
	<ItemGroup>
		<Filter Include="data">
			<UniqueIdentifier>{EB7D51C6-9125-B94C-9F2F-7754C3BC5337}</UniqueIdentifier>
		</Filter>
	</ItemGroup>
	<ItemGroup>
		<ClCompile Include="Many Images.cpp" />
	</ItemGroup>
	<ItemGroup>
		<None Include="data\PT.vert">
			<Filter>data</Filter>
		</None>
		<None Include="data\Tex.frag">
			<Filter>data</Filter>
		</None>
	</ItemGroup>
</Project>
