<?xml version="1.0" encoding="utf-8"?>
<Project ToolsVersion="4.0" xmlns="http://schemas.microsoft.com/developer/msbuild/2003">
	<ItemGroup>
		<Filter Include="data">
			<UniqueIdentifier>{93D8CA42-E919-7545-BE0F-7F713DE6FD31}</UniqueIdentifier>
		</Filter>
	</ItemGroup>
	<ItemGroup>
		<ClCompile Include="VertexColors.cpp" />
	</ItemGroup>
	<ItemGroup>
		<None Include="data\VertexColors.frag">
			<Filter>data</Filter>
		</None>
		<None Include="data\VertexColors.vert">
			<Filter>data</Filter>
		</None>
	</ItemGroup>
</Project>
