<?xml version="1.0" encoding="utf-8"?>
<Project ToolsVersion="4.0" xmlns="http://schemas.microsoft.com/developer/msbuild/2003">
	<ItemGroup>
		<Filter Include="data">
			<UniqueIdentifier>{C1D320B5-5DA2-6940-BC85-26FB11FDE682}</UniqueIdentifier>
		</Filter>
	</ItemGroup>
	<ItemGroup>
		<ClCompile Include="Fragment Attenuation.cpp" />
	</ItemGroup>
	<ItemGroup>
		<None Include="data\FragLightAtten_PCN.vert">
			<Filter>data</Filter>
		</None>
		<None Include="data\FragLightAtten_PN.vert">
			<Filter>data</Filter>
		</None>
		<None Include="data\FragLightAtten.frag">
			<Filter>data</Filter>
		</None>
	</ItemGroup>
</Project>
